
Microsoft Visual Studio Solution File, Format Version 12.00
# Visual Studio Version 17
VisualStudioVersion = 17.5.33516.290
MinimumVisualStudioVersion = 10.0.40219.1
Project("{FAE04EC0-301F-11D3-BF4B-00C04F79EFBC}") = "TestMod", "TestMod\TestMod.csproj", "{7A0C8689-66D6-459E-B369-6A240335E4C2}"
EndProject
Global
	GlobalSection(SolutionConfigurationPlatforms) = preSolution
		Debug|Any CPU = Debug|Any CPU
		Release|Any CPU = Release|Any CPU
	EndGlobalSection
	GlobalSection(ProjectConfigurationPlatforms) = postSolution
		{7A0C8689-66D6-459E-B369-6A240335E4C2}.Debug|Any CPU.ActiveCfg = Debug|Any CPU
		{7A0C8689-66D6-459E-B369-6A240335E4C2}.Debug|Any CPU.Build.0 = Debug|Any CPU
		{7A0C8689-66D6-459E-B369-6A240335E4C2}.Release|Any CPU.ActiveCfg = Release|Any CPU
		{7A0C8689-66D6-459E-B369-6A240335E4C2}.Release|Any CPU.Build.0 = Release|Any CPU
	EndGlobalSection
	GlobalSection(SolutionProperties) = preSolution
		HideSolutionNode = FALSE
	EndGlobalSection
	GlobalSection(ExtensibilityGlobals) = postSolution
		SolutionGuid = {3E83A53A-4009-4709-B594-02CE723B7292}
	EndGlobalSection
EndGlobal
